
Microsoft Visual Studio Solution File, Format Version 12.00
# Visual Studio Version 16
VisualStudioVersion = 16.0.30204.135
MinimumVisualStudioVersion = 10.0.40219.1
Project("{FAE04EC0-301F-11D3-BF4B-00C04F79EFBC}") = "TelerikStart", "TelerikStart\TelerikStart.csproj", "{7AAE7D98-70B1-4A5A-B927-C509A1419666}"
EndProject
Global
	GlobalSection(SolutionConfigurationPlatforms) = preSolution
		Debug|Any CPU = Debug|Any CPU
		Release|Any CPU = Release|Any CPU
	EndGlobalSection
	GlobalSection(ProjectConfigurationPlatforms) = postSolution
		{7AAE7D98-70B1-4A5A-B927-C509A1419666}.Debug|Any CPU.ActiveCfg = Debug|Any CPU
		{7AAE7D98-70B1-4A5A-B927-C509A1419666}.Debug|Any CPU.Build.0 = Debug|Any CPU
		{7AAE7D98-70B1-4A5A-B927-C509A1419666}.Release|Any CPU.ActiveCfg = Release|Any CPU
		{7AAE7D98-70B1-4A5A-B927-C509A1419666}.Release|Any CPU.Build.0 = Release|Any CPU
	EndGlobalSection
	GlobalSection(SolutionProperties) = preSolution
		HideSolutionNode = FALSE
	EndGlobalSection
	GlobalSection(ExtensibilityGlobals) = postSolution
		SolutionGuid = {F0BF7D6D-5543-4252-81F2-3BF72792C618}
	EndGlobalSection
EndGlobal
